
Microsoft Visual Studio Solution File, Format Version 12.00
# Visual Studio Version 16
VisualStudioVersion = 16.0.30907.101
MinimumVisualStudioVersion = 10.0.40219.1
Project("{9A19103F-16F7-4668-BE54-9A1E7A4F7556}") = "DataAccess", "DataAccess\DataAccess.csproj", "{DD4ED414-9516-4803-9AD7-3C7FBA42B4A6}"
EndProject
Project("{9A19103F-16F7-4668-BE54-9A1E7A4F7556}") = "Business", "Business\Business.csproj", "{C467924E-BC30-45C5-8D93-C49E5FCAF50F}"
EndProject
Project("{9A19103F-16F7-4668-BE54-9A1E7A4F7556}") = "Entities", "Entities\Entities.csproj", "{E5D98F00-468F-4A24-818A-34A8FA34EE6D}"
EndProject
Project("{9A19103F-16F7-4668-BE54-9A1E7A4F7556}") = "ConsoleUI", "ConsoleUI\ConsoleUI.csproj", "{5D3ED9B8-A55E-4FDB-804F-3342E75156EE}"
EndProject
Project("{FAE04EC0-301F-11D3-BF4B-00C04F79EFBC}") = "Core", "Core\Core.csproj", "{7107E9C2-2CF0-4EA9-8629-4A47A431B573}"
EndProject
Global
	GlobalSection(SolutionConfigurationPlatforms) = preSolution
		Debug|Any CPU = Debug|Any CPU
		Release|Any CPU = Release|Any CPU
	EndGlobalSection
	GlobalSection(ProjectConfigurationPlatforms) = postSolution
		{DD4ED414-9516-4803-9AD7-3C7FBA42B4A6}.Debug|Any CPU.ActiveCfg = Debug|Any CPU
		{DD4ED414-9516-4803-9AD7-3C7FBA42B4A6}.Debug|Any CPU.Build.0 = Debug|Any CPU
		{DD4ED414-9516-4803-9AD7-3C7FBA42B4A6}.Release|Any CPU.ActiveCfg = Release|Any CPU
		{DD4ED414-9516-4803-9AD7-3C7FBA42B4A6}.Release|Any CPU.Build.0 = Release|Any CPU
		{C467924E-BC30-45C5-8D93-C49E5FCAF50F}.Debug|Any CPU.ActiveCfg = Debug|Any CPU
		{C467924E-BC30-45C5-8D93-C49E5FCAF50F}.Debug|Any CPU.Build.0 = Debug|Any CPU
		{C467924E-BC30-45C5-8D93-C49E5FCAF50F}.Release|Any CPU.ActiveCfg = Release|Any CPU
		{C467924E-BC30-45C5-8D93-C49E5FCAF50F}.Release|Any CPU.Build.0 = Release|Any CPU
		{E5D98F00-468F-4A24-818A-34A8FA34EE6D}.Debug|Any CPU.ActiveCfg = Debug|Any CPU
		{E5D98F00-468F-4A24-818A-34A8FA34EE6D}.Debug|Any CPU.Build.0 = Debug|Any CPU
		{E5D98F00-468F-4A24-818A-34A8FA34EE6D}.Release|Any CPU.ActiveCfg = Release|Any CPU
		{E5D98F00-468F-4A24-818A-34A8FA34EE6D}.Release|Any CPU.Build.0 = Release|Any CPU
		{5D3ED9B8-A55E-4FDB-804F-3342E75156EE}.Debug|Any CPU.ActiveCfg = Debug|Any CPU
		{5D3ED9B8-A55E-4FDB-804F-3342E75156EE}.Debug|Any CPU.Build.0 = Debug|Any CPU
		{5D3ED9B8-A55E-4FDB-804F-3342E75156EE}.Release|Any CPU.ActiveCfg = Release|Any CPU
		{5D3ED9B8-A55E-4FDB-804F-3342E75156EE}.Release|Any CPU.Build.0 = Release|Any CPU
		{7107E9C2-2CF0-4EA9-8629-4A47A431B573}.Debug|Any CPU.ActiveCfg = Debug|Any CPU
		{7107E9C2-2CF0-4EA9-8629-4A47A431B573}.Debug|Any CPU.Build.0 = Debug|Any CPU
		{7107E9C2-2CF0-4EA9-8629-4A47A431B573}.Release|Any CPU.ActiveCfg = Release|Any CPU
		{7107E9C2-2CF0-4EA9-8629-4A47A431B573}.Release|Any CPU.Build.0 = Release|Any CPU
	EndGlobalSection
	GlobalSection(SolutionProperties) = preSolution
		HideSolutionNode = FALSE
	EndGlobalSection
	GlobalSection(ExtensibilityGlobals) = postSolution
		SolutionGuid = {51E4262E-E24D-4D5C-8312-15F3E23C7D01}
	EndGlobalSection
EndGlobal
